
Microsoft Visual Studio Solution File, Format Version 12.00
# Visual Studio Version 16
VisualStudioVersion = 16.0.31911.196
MinimumVisualStudioVersion = 10.0.40219.1
Project("{FAE04EC0-301F-11D3-BF4B-00C04F79EFBC}") = "ChineseWords.gif", "ChineseWords.gif\ChineseWords.gif.csproj", "{66281B66-1A78-4014-BFA8-1E80F4E09A97}"
EndProject
Global
	GlobalSection(SolutionConfigurationPlatforms) = preSolution
		Debug|Any CPU = Debug|Any CPU
		Release|Any CPU = Release|Any CPU
	EndGlobalSection
	GlobalSection(ProjectConfigurationPlatforms) = postSolution
		{66281B66-1A78-4014-BFA8-1E80F4E09A97}.Debug|Any CPU.ActiveCfg = Debug|Any CPU
		{66281B66-1A78-4014-BFA8-1E80F4E09A97}.Debug|Any CPU.Build.0 = Debug|Any CPU
		{66281B66-1A78-4014-BFA8-1E80F4E09A97}.Release|Any CPU.ActiveCfg = Release|Any CPU
		{66281B66-1A78-4014-BFA8-1E80F4E09A97}.Release|Any CPU.Build.0 = Release|Any CPU
	EndGlobalSection
	GlobalSection(SolutionProperties) = preSolution
		HideSolutionNode = FALSE
	EndGlobalSection
	GlobalSection(ExtensibilityGlobals) = postSolution
		SolutionGuid = {880F31AE-B9B5-4CD3-98F8-EF6379EBFADB}
	EndGlobalSection
EndGlobal
