
Microsoft Visual Studio Solution File, Format Version 12.00
# Visual Studio Version 17
VisualStudioVersion = 17.2.32630.192
MinimumVisualStudioVersion = 10.0.40219.1
Project("{9A19103F-16F7-4668-BE54-9A1E7A4F7556}") = "BrowserCrawler", "BrowserCrawler\BrowserCrawler.csproj", "{2F329349-4295-40FD-9B6F-372E556C0877}"
EndProject
Project("{FAE04EC0-301F-11D3-BF4B-00C04F79EFBC}") = "AutoCrawlerTool", "AutoCrawlerTool\AutoCrawlerTool.csproj", "{F6DD381C-970B-4602-9CDB-6225A06E5791}"
EndProject
Global
	GlobalSection(SolutionConfigurationPlatforms) = preSolution
		Debug|Any CPU = Debug|Any CPU
		Release|Any CPU = Release|Any CPU
	EndGlobalSection
	GlobalSection(ProjectConfigurationPlatforms) = postSolution
		{2F329349-4295-40FD-9B6F-372E556C0877}.Debug|Any CPU.ActiveCfg = Debug|Any CPU
		{2F329349-4295-40FD-9B6F-372E556C0877}.Debug|Any CPU.Build.0 = Debug|Any CPU
		{2F329349-4295-40FD-9B6F-372E556C0877}.Release|Any CPU.ActiveCfg = Release|Any CPU
		{2F329349-4295-40FD-9B6F-372E556C0877}.Release|Any CPU.Build.0 = Release|Any CPU
		{F6DD381C-970B-4602-9CDB-6225A06E5791}.Debug|Any CPU.ActiveCfg = Debug|Any CPU
		{F6DD381C-970B-4602-9CDB-6225A06E5791}.Debug|Any CPU.Build.0 = Debug|Any CPU
		{F6DD381C-970B-4602-9CDB-6225A06E5791}.Release|Any CPU.ActiveCfg = Release|Any CPU
		{F6DD381C-970B-4602-9CDB-6225A06E5791}.Release|Any CPU.Build.0 = Release|Any CPU
	EndGlobalSection
	GlobalSection(SolutionProperties) = preSolution
		HideSolutionNode = FALSE
	EndGlobalSection
	GlobalSection(ExtensibilityGlobals) = postSolution
		SolutionGuid = {6540AE5B-5871-470F-9FDD-1A12C32AB24B}
	EndGlobalSection
EndGlobal
